
Microsoft Visual Studio Solution File, Format Version 12.00
# Visual Studio Version 16
VisualStudioVersion = 16.0.31105.61
MinimumVisualStudioVersion = 10.0.40219.1
Project("{FAE04EC0-301F-11D3-BF4B-00C04F79EFBC}") = "Guia 1 - 5", "Guia 1 - 5.csproj", "{8B939226-E3BF-4E76-BA31-DC74C75C3904}"
EndProject
Global
	GlobalSection(SolutionConfigurationPlatforms) = preSolution
		Debug|Any CPU = Debug|Any CPU
		Release|Any CPU = Release|Any CPU
	EndGlobalSection
	GlobalSection(ProjectConfigurationPlatforms) = postSolution
		{8B939226-E3BF-4E76-BA31-DC74C75C3904}.Debug|Any CPU.ActiveCfg = Debug|Any CPU
		{8B939226-E3BF-4E76-BA31-DC74C75C3904}.Debug|Any CPU.Build.0 = Debug|Any CPU
		{8B939226-E3BF-4E76-BA31-DC74C75C3904}.Release|Any CPU.ActiveCfg = Release|Any CPU
		{8B939226-E3BF-4E76-BA31-DC74C75C3904}.Release|Any CPU.Build.0 = Release|Any CPU
	EndGlobalSection
	GlobalSection(SolutionProperties) = preSolution
		HideSolutionNode = FALSE
	EndGlobalSection
	GlobalSection(ExtensibilityGlobals) = postSolution
		SolutionGuid = {0B5113AA-DB89-4EF6-A3C2-E816D5A95CD2}
	EndGlobalSection
EndGlobal
